Microsoft Visual Studio Solution File, Format Version 12.00
# Visual Studio Version 16
VisualStudioVersion = 16.0.30406.217
MinimumVisualStudioVersion = 10.0.40219.1
Project("{9A19103F-16F7-4668-BE54-9A1E7A4F7556}") = "QueenbeeSDK", "src\QueenbeeSDK\QueenbeeSDK.csproj", "{8127CCCB-A060-4409-A8CF-B541BAA0372C}"
EndProject
Project("{9A19103F-16F7-4668-BE54-9A1E7A4F7556}") = "QueenbeeSDK.Test", "src\QueenbeeSDK.Tests\QueenbeeSDK.Test.csproj", "{C0C1D125-88FA-4A9F-8237-984F8FA8FECC}"
EndProject
Project("{FAE04EC0-301F-11D3-BF4B-00C04F79EFBC}") = "DemoGH", "src\DemoGH\DemoGH.csproj", "{0E8468C4-071A-4C7A-8325-30A3D21216E7}"
EndProject
Global
	GlobalSection(SolutionConfigurationPlatforms) = preSolution
		Debug|Any CPU = Debug|Any CPU
		Release|Any CPU = Release|Any CPU
	EndGlobalSection
	GlobalSection(ProjectConfigurationPlatforms) = postSolution
		{8127CCCB-A060-4409-A8CF-B541BAA0372C}.Debug|Any CPU.ActiveCfg = Debug|Any CPU
		{8127CCCB-A060-4409-A8CF-B541BAA0372C}.Debug|Any CPU.Build.0 = Debug|Any CPU
		{8127CCCB-A060-4409-A8CF-B541BAA0372C}.Release|Any CPU.ActiveCfg = Release|Any CPU
		{8127CCCB-A060-4409-A8CF-B541BAA0372C}.Release|Any CPU.Build.0 = Release|Any CPU
		{C0C1D125-88FA-4A9F-8237-984F8FA8FECC}.Debug|Any CPU.ActiveCfg = Debug|Any CPU
		{C0C1D125-88FA-4A9F-8237-984F8FA8FECC}.Debug|Any CPU.Build.0 = Debug|Any CPU
		{C0C1D125-88FA-4A9F-8237-984F8FA8FECC}.Release|Any CPU.ActiveCfg = Release|Any CPU
		{C0C1D125-88FA-4A9F-8237-984F8FA8FECC}.Release|Any CPU.Build.0 = Release|Any CPU
		{0E8468C4-071A-4C7A-8325-30A3D21216E7}.Debug|Any CPU.ActiveCfg = Debug|Any CPU
		{0E8468C4-071A-4C7A-8325-30A3D21216E7}.Debug|Any CPU.Build.0 = Debug|Any CPU
		{0E8468C4-071A-4C7A-8325-30A3D21216E7}.Release|Any CPU.ActiveCfg = Release|Any CPU
		{0E8468C4-071A-4C7A-8325-30A3D21216E7}.Release|Any CPU.Build.0 = Release|Any CPU
	EndGlobalSection
	GlobalSection(SolutionProperties) = preSolution
		HideSolutionNode = FALSE
	EndGlobalSection
	GlobalSection(ExtensibilityGlobals) = postSolution
		SolutionGuid = {9F68FBE6-79DC-474D-B956-D6EEF1326373}
	EndGlobalSection
EndGlobal
