Microsoft Visual Studio Solution File, Format Version 12.00
# Visual Studio Version 16
VisualStudioVersion = 16.0.30406.217
MinimumVisualStudioVersion = 10.0.40219.1
Project("{9A19103F-16F7-4668-BE54-9A1E7A4F7556}") = "QueenbeeSDK", "src\QueenbeeSDK\QueenbeeSDK.csproj", "{D59678FA-4204-47B4-B475-FE30DCEFD30C}"
EndProject
Project("{FAE04EC0-301F-11D3-BF4B-00C04F79EFBC}") = "QueenbeeSDK.Test", "src\QueenbeeSDK.Test\QueenbeeSDK.Test.csproj", "{20B5279F-4D62-407D-8F2C-28F78703C6A1}"
EndProject
Global
	GlobalSection(SolutionConfigurationPlatforms) = preSolution
		Debug|Any CPU = Debug|Any CPU
		Release|Any CPU = Release|Any CPU
	EndGlobalSection
	GlobalSection(ProjectConfigurationPlatforms) = postSolution
		{D59678FA-4204-47B4-B475-FE30DCEFD30C}.Debug|Any CPU.ActiveCfg = Debug|Any CPU
		{D59678FA-4204-47B4-B475-FE30DCEFD30C}.Debug|Any CPU.Build.0 = Debug|Any CPU
		{D59678FA-4204-47B4-B475-FE30DCEFD30C}.Release|Any CPU.ActiveCfg = Release|Any CPU
		{D59678FA-4204-47B4-B475-FE30DCEFD30C}.Release|Any CPU.Build.0 = Release|Any CPU
		{20B5279F-4D62-407D-8F2C-28F78703C6A1}.Debug|Any CPU.ActiveCfg = Debug|Any CPU
		{20B5279F-4D62-407D-8F2C-28F78703C6A1}.Debug|Any CPU.Build.0 = Debug|Any CPU
		{20B5279F-4D62-407D-8F2C-28F78703C6A1}.Release|Any CPU.ActiveCfg = Release|Any CPU
		{20B5279F-4D62-407D-8F2C-28F78703C6A1}.Release|Any CPU.Build.0 = Release|Any CPU
	EndGlobalSection
	GlobalSection(SolutionProperties) = preSolution
		HideSolutionNode = FALSE
	EndGlobalSection
	GlobalSection(ExtensibilityGlobals) = postSolution
		SolutionGuid = {58924156-A9E7-48E9-A25A-716C3CEBD0B0}
	EndGlobalSection
EndGlobal
